{
  "meta": {
    "schema": 1,
    "skill": "wcag22-a11y",
    "generator": "tools/revalidate.py 1.0.0",
    "updated": "2026-10-01",
    "python": "3.13.9",
    "snapshots": {
      "sources": "2026-09-29",
      "upstream": "2026-09-29",
      "local": "2026-10-01",
      "tests": "2026-10-01"
    },
    "user_agent": "wcag22-a11y-revalidate/1.0.0 (+https://www.w3.org/WAI/WCAG22/)",
    "urls": {
      "recommendation": "https://www.w3.org/TR/WCAG22/",
      "errata": "https://www.w3.org/WAI/WCAG22/errata/",
      "understanding": "https://www.w3.org/WAI/WCAG22/Understanding/",
      "techniques": "https://www.w3.org/WAI/WCAG22/Techniques/",
      "wcag21": "https://www.w3.org/TR/WCAG21/",
      "wcag20": "https://www.w3.org/TR/WCAG20/",
      "wcag30": "https://www.w3.org/TR/wcag-3.0/",
      "npm": "https://registry.npmjs.org/<package>/latest"
    },
    "licence": "WCAG 2.2 and its Understanding documents are W3C documents (W3C Document License). This lock holds hashes, dates, versions, counts, URLs and one-line errata summaries only."
  },
  "skill": {
    "name": "wcag22-a11y",
    "version": "1.0.0",
    "standard": "WCAG 2.2, W3C Recommendation, 12 December 2024 edition"
  },
  "spec": {
    "recommendation_url": "https://www.w3.org/TR/WCAG22/",
    "errata_url": "https://www.w3.org/WAI/WCAG22/errata/",
    "status": "W3C Recommendation",
    "dated_version": "12 December 2024",
    "dated_version_url": "https://www.w3.org/TR/2024/REC-WCAG22-20241212/",
    "cached_html": {
      "path": "tools/catalogue/.cache/wcag22.html",
      "sha256": "6e3c5fe397257cae509a2fb4752b73062cf8cbeb92c2cec618989b17e4cf7057",
      "bytes": 512457
    },
    "cached_html_links_errata_page": true,
    "skill_md_standard": "WCAG 2.2, W3C Recommendation, 12 December 2024 edition",
    "skill_md_standard_names_dated_version": true
  },
  "catalogue": {
    "understanding": {
      "urls": 87,
      "cached": 87,
      "und_urls_txt_sha256": "d9df06c261622a3b8a543b1d02932f0675cc4e1c5db83e0ecaf2b96d5aa28bee",
      "files": {
        "abbreviations.html": {
          "sha256": "3e71df0b7853cda68963bb4f1ab1a0fa188b93224be70887f227f5fe22c65773",
          "updated": "2026-04-05"
        },
        "accessible-authentication-enhanced.html": {
          "sha256": "efaffde14b23eb2e7b9e28beed96b0fe88c8e293e7d4b2b91f760410e2338c76",
          "updated": "2026-04-27"
        },
        "accessible-authentication-minimum.html": {
          "sha256": "3c6496948b93fda1f7e45b0094853bf39141c01f615c340367dda5cee6871629",
          "updated": "2026-08-10"
        },
        "animation-from-interactions.html": {
          "sha256": "14af35e29c3c990a8de49207a26b260c1812eb09b2c70b25f3750a9f114c12f2",
          "updated": "2025-09-16"
        },
        "audio-control.html": {
          "sha256": "8547dec5b591160f627d85e8051e20c74ad72b4f4d9b903a221c4d7369be6d0f",
          "updated": "2025-09-16"
        },
        "audio-description-or-media-alternative-prerecorded.html": {
          "sha256": "f633415b1b8613671394fe73ff4be136b6eee48b84f1eb71d853b7d3d4b9044c",
          "updated": "2026-08-10"
        },
        "audio-description-prerecorded.html": {
          "sha256": "19b2cd4a324b697a1792b472e0abc46e849dc9b533f022b0b8af956de3fdb5a2",
          "updated": "2026-03-09"
        },
        "audio-only-and-video-only-prerecorded.html": {
          "sha256": "64ade0edb542db75517c206a412304e10168a99fda874f70c8d1c8c4e89a99ae",
          "updated": "2026-03-09"
        },
        "audio-only-live.html": {
          "sha256": "8568d86527f3f33b8de22df47c97e8e60357b771e377191de59e27b2e514c526",
          "updated": "2025-09-16"
        },
        "bypass-blocks.html": {
          "sha256": "cb807f0bb26bebe4bd2aabb282a3c1a5e22af9e304230d5acd7dee978d048b8d",
          "updated": "2026-02-09"
        },
        "captions-live.html": {
          "sha256": "e0e2d67aec70804a622118b7a8c229b383a7c92639c69f1470e042bdc4842670",
          "updated": "2026-03-09"
        },
        "captions-prerecorded.html": {
          "sha256": "25bb5c531779c3f6358ee45886daa35e33bf6b9fd48a9613f5f28b6cfc84b183",
          "updated": "2026-08-10"
        },
        "change-on-request.html": {
          "sha256": "9dc8631ec30f7b3f0b1b177addd6d3a7ed1f1318d13f8d93448c83828ad48d00",
          "updated": "2026-03-23"
        },
        "character-key-shortcuts.html": {
          "sha256": "53d9dc5260337c5bd2146f764d0bdb7e169acf9b78cf43cbf13686c35cfe4146",
          "updated": "2026-02-23"
        },
        "concurrent-input-mechanisms.html": {
          "sha256": "ef7f12aa2625ecf38b7149eaac5fad3cf9bc8c048297bcc12d83384e8256c83c",
          "updated": "2025-09-16"
        },
        "consistent-help.html": {
          "sha256": "446fbc385d6c6494368d0389318db29f1f25f54603e69665ad9d9db151ab0238",
          "updated": "2026-03-09"
        },
        "consistent-identification.html": {
          "sha256": "ef1f3ec780fe59891963cf8dedd6e7d44542ca42da675d6f19063b4039c3b4e9",
          "updated": "2026-08-10"
        },
        "consistent-navigation.html": {
          "sha256": "aaad0da894a88a8aee73088a8bbfb5d27cfb249da908f8ba50156fbed56a8a9d",
          "updated": "2026-06-28"
        },
        "content-on-hover-or-focus.html": {
          "sha256": "3803f84695f66fbef38e7ca6d9018a42c673fc52e61c18b969c6ba95abc64fca",
          "updated": "2026-07-12"
        },
        "contrast-enhanced.html": {
          "sha256": "01540725ddae2d686e8b272b13c4537bafec0d2cc52ff2f8e483e6da45451525",
          "updated": "2026-06-01"
        },
        "contrast-minimum.html": {
          "sha256": "3352aaf477e9739155628467c4b62997e18ea4cab917c0eb4fc4fb39c5238a2e",
          "updated": "2026-06-01"
        },
        "dragging-movements.html": {
          "sha256": "c3905630a35b6e8246aba32c1769f3ff82b217d464d41e4b1b2a34b9df5771c6",
          "updated": "2026-08-10"
        },
        "error-identification.html": {
          "sha256": "0c33f7d1c0643f3b86d9585cc1b4dfa365950100869d6f67bd0e2b949834e361",
          "updated": "2026-06-12"
        },
        "error-prevention-all.html": {
          "sha256": "60ffeba9e93f8acf745b6c4fe23534821d2719d8cf806ff5de926d6ed2b6fac3",
          "updated": "2026-03-09"
        },
        "error-prevention-legal-financial-data.html": {
          "sha256": "2fabde98b3657a963115c7e207b794b2eac1beb22f870ca33e298a665c8d5c8c",
          "updated": "2025-09-16"
        },
        "error-suggestion.html": {
          "sha256": "4f4a68a0035ce362c6e54c50b9f5d4b4969b0b26b8d96cd92c472710ae9b09d2",
          "updated": "2026-03-09"
        },
        "extended-audio-description-prerecorded.html": {
          "sha256": "52125c5360624348878af03d45fdfb91cff7b8ce686ba1ec550fa27f0d71e11f",
          "updated": "2025-09-16"
        },
        "focus-appearance.html": {
          "sha256": "f1235f0417a97501af3e9d21d46042cc19e13ee977e40bbb3e13bab665dd1a7e",
          "updated": "2026-08-10"
        },
        "focus-not-obscured-enhanced.html": {
          "sha256": "a0c54a0b596613648caaa944cfa8cb79b54ece96b52086ddfab3f907545f7a46",
          "updated": "2026-06-15"
        },
        "focus-not-obscured-minimum.html": {
          "sha256": "9515bdd0faab14d62528c5b1af1ea03383409c651b551c4e9b708c6f5bc8b607",
          "updated": "2026-06-15"
        },
        "focus-order.html": {
          "sha256": "d5f8571e397b91e54c58dc6a00eec27c4817305f84107f2252ef98be991489b5",
          "updated": "2026-03-09"
        },
        "focus-visible.html": {
          "sha256": "80ec2e7fc5cd2aaa3ab9379dbceab3192b7873434ca03c2a66a7da4eeed18c3a",
          "updated": "2026-07-12"
        },
        "headings-and-labels.html": {
          "sha256": "34aa1b70b35b3e3d966394256cfbc5e682a51e5bfea97bb7d5b80e7180a21978",
          "updated": "2026-03-09"
        },
        "help.html": {
          "sha256": "3b2dd0da80fc7e7cb29da054e922689af8d9d72a1fa1bf33c3a35074d6e77ab8",
          "updated": "2025-09-16"
        },
        "identify-input-purpose.html": {
          "sha256": "87f946b8c87b1e95a2b886b5835561d13f8badadb2ac85e583ed62bd88c760b7",
          "updated": "2026-06-12"
        },
        "identify-purpose.html": {
          "sha256": "ba182a4d6ede0aa0aef19f624dc156063a5a86395580bea0230ee05a64aee67a",
          "updated": "2026-08-10"
        },
        "images-of-text-no-exception.html": {
          "sha256": "534d5b05dea7ec18b614ac6545280f473fdba2a95ad2fcc0f0e4471b24d9f34c",
          "updated": "2025-09-16"
        },
        "images-of-text.html": {
          "sha256": "bb62fabaecea238898045fb59501d17c63e2f55bfb6a52bf65f40fe8798d935d",
          "updated": "2026-06-28"
        },
        "info-and-relationships.html": {
          "sha256": "73c1817bc00626b8c2c9cabac114bf94914ce316be4b256815d49af6537e7bd2",
          "updated": "2026-03-09"
        },
        "interruptions.html": {
          "sha256": "9a62e74b931b62cc3bbc54faf11ad3c66e918b23dff1a36ccaa41255b7d86bbb",
          "updated": "2025-09-16"
        },
        "keyboard-no-exception.html": {
          "sha256": "0cfac192441cb978f4ba3a498b357bbfdb7afefeed24d176a5e89f4c67648709",
          "updated": "2026-05-11"
        },
        "keyboard.html": {
          "sha256": "fb44d4faaa9fa54a49aee794e969ccc3b7738f4b09e23aa96e3a3c9d44984feb",
          "updated": "2026-05-11"
        },
        "label-in-name.html": {
          "sha256": "56c1f7c367df6b55119d34ce09bb1a036b14a1b3236212470dbbd8ac24f5f290",
          "updated": "2026-04-05"
        },
        "labels-or-instructions.html": {
          "sha256": "bef4cfd96fbd2a38e382ef4c408069869521afaa435849ca86175f34ad3bc846",
          "updated": "2026-03-09"
        },
        "language-of-page.html": {
          "sha256": "091b815394cbe46f1a63ecdbb729e840a00fcdd2c70521d6322acab1a5f70596",
          "updated": "2026-03-09"
        },
        "language-of-parts.html": {
          "sha256": "2eaee0eca1010bb446967924236928fe244d05b9fb5e5465af4c58f6ce81b2bf",
          "updated": "2026-07-12"
        },
        "link-purpose-in-context.html": {
          "sha256": "43a641c965afa9d41fa2d964f6a0fdf0c1905bcf0ab55562231d0b7327546d0c",
          "updated": "2026-05-18"
        },
        "link-purpose-link-only.html": {
          "sha256": "9589a4b5dab74e03225f7865a395f54b2b14f2d8bc4e7bb24b619c9359463f97",
          "updated": "2026-08-10"
        },
        "location.html": {
          "sha256": "c7f7a8b5aed62b28d9c751669ef6cc5ecc918a5fc1fd1918600a6bc2c9539c5e",
          "updated": "2025-09-16"
        },
        "low-or-no-background-audio.html": {
          "sha256": "fb72115e383e5591ec238190b20bdc0305bbc6d7d5a8d7b5653f1f81bfd7d5c5",
          "updated": "2025-09-16"
        },
        "meaningful-sequence.html": {
          "sha256": "4df85667b2ff845ee1f83c2d51fe0f1e79f3bab709b2170358aae3f3875d63b8",
          "updated": "2025-09-16"
        },
        "media-alternative-prerecorded.html": {
          "sha256": "25dfe1f0242c8d15366f767f8e31dc4823c01065a9d81346e57882020e790417",
          "updated": "2026-03-09"
        },
        "motion-actuation.html": {
          "sha256": "3c8cc2c6afda432289801e025aeebea39cd5f2e213150fe62f9f76db01264597",
          "updated": "2026-06-01"
        },
        "multiple-ways.html": {
          "sha256": "af97bdbd36fdcc804dd9ae17125b88f2b4b1798887ec25a6ce9655e816300526",
          "updated": "2026-04-05"
        },
        "name-role-value.html": {
          "sha256": "8c62f3e1f2dc70597a4b290e76354c4ca2639762fa76032d7bccb113c7b96641",
          "updated": "2026-07-12"
        },
        "no-keyboard-trap.html": {
          "sha256": "12e809054bdd4689bdbf4fd7ab78842eafa67a217bdac9dbf9ad7f6ef9ca3383",
          "updated": "2026-05-18"
        },
        "no-timing.html": {
          "sha256": "8e3c2b4ded316bf8886a06e3da3112b55a6fbc32624ed41676517e9d334cbb86",
          "updated": "2025-09-16"
        },
        "non-text-content.html": {
          "sha256": "a9b933e0a1717f139bead7d36340777f4074b7ec3f07f68cadbebf744b89e8a9",
          "updated": "2026-08-10"
        },
        "non-text-contrast.html": {
          "sha256": "237cd64c8439ddbca50694708b5d24718a5b2ed74bb4eee90d02cf7707fd0674",
          "updated": "2026-06-15"
        },
        "on-focus.html": {
          "sha256": "7c091de08983bd1ecb36e16413bf688f0696bf7a8cf6ca9358d3b98c88822518",
          "updated": "2025-09-16"
        },
        "on-input.html": {
          "sha256": "b5f7e43b68fbbb9cc3dd6db557791a9304326b78c9edb0a26675376fe25aad3e",
          "updated": "2026-06-28"
        },
        "orientation.html": {
          "sha256": "93e67978e3b5c7c7a3e289ae539553e8fe5e35a5c4eba4c2abc5e370e6b10755",
          "updated": "2025-10-01"
        },
        "page-titled.html": {
          "sha256": "116c95aa9f8246edf8d4d583a050fb7f6f6fbebdb76e5abf9fe399c955b0fa18",
          "updated": "2026-03-09"
        },
        "parsing.html": {
          "sha256": "54919a1713a020800afe485161d8ae94d6186afde61d46e5ed6859c6eeec56c5",
          "updated": "2026-03-09"
        },
        "pause-stop-hide.html": {
          "sha256": "151b081b266ccb1df3818bcab210d6016145c3a2edb298fb597d7dae02c8f528",
          "updated": "2026-08-10"
        },
        "pointer-cancellation.html": {
          "sha256": "066bf257f1658dfe5d8ec6de33a0c0af10f708473f5ac46787f15d84de2efd4b",
          "updated": "2025-09-17"
        },
        "pointer-gestures.html": {
          "sha256": "b42109151ffd48c9efe62f0505a34519aa29154e5aa8a5059132aab26245b104",
          "updated": "2026-08-10"
        },
        "pronunciation.html": {
          "sha256": "cbdc1386975f0f615e4b2dfc3d21fc23a3258011180568b1efc5c07bfe902938",
          "updated": "2025-11-17"
        },
        "re-authenticating.html": {
          "sha256": "d820d0a6c0cfd69e582f45886e18213bc7f1770cdba45890736ba81944e3b73e",
          "updated": "2025-11-17"
        },
        "reading-level.html": {
          "sha256": "b3499db8202b999b699066e3a678245cba730705d2547bd043b13004bec46838",
          "updated": "2026-06-28"
        },
        "redundant-entry.html": {
          "sha256": "d945ac6dea17b9b57ce2d530a1381e935fa231059b10c2edf9219c4dd3cd6706",
          "updated": "2025-09-17"
        },
        "reflow.html": {
          "sha256": "d322027ca3f1f43f516687120442c60f02ee3f82b09cb26933c9ee7abfeabb33",
          "updated": "2026-08-10"
        },
        "resize-text.html": {
          "sha256": "38c890a4e70ec24fee98480e08218503bc458e41f38d3ce85f20e86d984e6c0c",
          "updated": "2026-07-12"
        },
        "section-headings.html": {
          "sha256": "c5af5995136901ed3e353cffff9c3f237b1c6cfcad4693364cc2c472f0e0edea",
          "updated": "2025-09-16"
        },
        "sensory-characteristics.html": {
          "sha256": "555e2ccecd61f34f2968df4baf48621d2861612b25a1afd5012b982e90c9a6d7",
          "updated": "2025-09-16"
        },
        "sign-language-prerecorded.html": {
          "sha256": "5e51f18e2687cd3f5feeba1d6de0b29064b49d2a7802fe6d741cf3f6e7dcb6a5",
          "updated": "2025-09-16"
        },
        "status-messages.html": {
          "sha256": "d5a085f7be8814e4f01520db08d41d09b62491f40dc0fb6fb4941ec762cf3746",
          "updated": "2026-05-11"
        },
        "target-size-enhanced.html": {
          "sha256": "9282017b57b2bcb523513abda1d679e3bf4eef9eaa1d7000837e5b57b4083645",
          "updated": "2026-05-11"
        },
        "target-size-minimum.html": {
          "sha256": "361694575d2a4ca5834de57dbc44b24c27ecc67956625703a140b9f1d79c62d4",
          "updated": "2026-05-11"
        },
        "text-spacing.html": {
          "sha256": "48d38892c50739b98b6d7c4d54b83d15152e9c9dbba2a550bc5dec5bead38df2",
          "updated": "2025-10-01"
        },
        "three-flashes-or-below-threshold.html": {
          "sha256": "28f0bc5e956224f95b617027d1d9f506bd25cb8ec7be20fc2744614a0794ce52",
          "updated": "2025-09-17"
        },
        "three-flashes.html": {
          "sha256": "8a829b6d15982b7ff206658d23c44602a49570ad851ef5e413fee9b6f33dad0a",
          "updated": "2026-03-09"
        },
        "timeouts.html": {
          "sha256": "998efbc5bf8e21c0d4eeb791e7ed7b80671e56cfeda5657f0f309a22089ca92d",
          "updated": "2025-09-16"
        },
        "timing-adjustable.html": {
          "sha256": "bf6c6a68a3fb4b6866ab144bd72d83996d90de4dec05c6ca14875e7ac6e5e9c5",
          "updated": "2026-08-10"
        },
        "unusual-words.html": {
          "sha256": "c4600d49878319e82e35ff0354ff2d5eff720875a92675facaecccd54cb62541",
          "updated": "2026-04-05"
        },
        "use-of-color.html": {
          "sha256": "a9bab2b8f419ee379b1ab37985d70b03bd6568952251d2f8a55036198990c9e8",
          "updated": "2025-09-16"
        },
        "visual-presentation.html": {
          "sha256": "1d7c017298d0e0a9c09cf6d6e3634de7c049cbdf04cf6066d1e82ffe8a7b0558",
          "updated": "2026-03-09"
        }
      }
    },
    "derived": {
      "wcag.json": "b17c7b825b99cb6380e4c8128256c449c99de3abae3192bc857ad6e5b9dba4f7",
      "techs.json": "a6254529a27790e6b63d0f98d5b9db7e1d4d4879b4e1f787b5e4d84977540eef"
    },
    "inputs": {
      "builder_tree_sha256": "7caa02a84e285e3e819fa2167f5e12c0c36b0b7102eaaff57ea1f16de49bf530",
      "axe_map_json_sha256": "48dff5bc28dfeeea36d6f74b1e2e2ac54dee35d21ba3a3c5f992b41d2d9e1066"
    },
    "outputs": {
      "references/sc-1-perceivable.md": "e684f2e8a09b968d560c178b93aa95f9e9d6fb2a42f9c00ca9a3ca14aeeea5b6",
      "references/sc-2-operable.md": "6b686906a94cf96063b2ec6318049485b30f19a04f182b149e7f41939affa92b",
      "references/sc-3-understandable.md": "ca5c96e37a2c4f669013701a5a20a665ff198d84f08c9d5412c8956e7882f42d",
      "references/sc-4-robust.md": "82a26afcff974b0ff3874aa26a98ce2f932f21e39f82f4e4faa80ddaeb2b3dd0",
      "references/glossary.md": "16d8df9a1276ab7729db19c56ea10bc820a09171b704d3b654b8ac53e710dcf8",
      "references/conformance.md": "d4b71ca2568bf8fe00df31385d61a28f268a7ef054e4222dc94d099e63e95583",
      "references/check-index.md": "dfbf34b415bd53f0b6d94c64d3a024c43d4d1bcd9ead936db5131b80d436bf56"
    },
    "techniques": {
      "sc_with_techniques": 87,
      "technique_ids": 423
    },
    "offline_rebuild": {
      "ran": true,
      "exit": 0,
      "reproduces": true,
      "differs": []
    }
  },
  "engines": {
    "pinned": {
      "playwright": "1.63.0",
      "axe-core": "4.13.0"
    },
    "installed": {
      "playwright": "1.63.0",
      "playwright-core": "1.63.0",
      "axe-core": "4.13.0",
      "chromium_headless_shell": {
        "revision": "1243",
        "browser_version": "153.0.8010.12",
        "installed": true
      },
      "browser_dirs": [
        "chromium_headless_shell-1243",
        "ffmpeg-1011"
      ]
    },
    "node": "26.8.1",
    "axe": {
      "version": "4.13.0",
      "rule_count": 105,
      "rules": [
        "accesskeys",
        "area-alt",
        "aria-allowed-attr",
        "aria-allowed-role",
        "aria-braille-equivalent",
        "aria-command-name",
        "aria-conditional-attr",
        "aria-deprecated-role",
        "aria-dialog-name",
        "aria-hidden-body",
        "aria-hidden-focus",
        "aria-input-field-name",
        "aria-meter-name",
        "aria-progressbar-name",
        "aria-prohibited-attr",
        "aria-required-attr",
        "aria-required-children",
        "aria-required-parent",
        "aria-roledescription(deprecated)",
        "aria-roles",
        "aria-tab-name",
        "aria-text",
        "aria-toggle-field-name",
        "aria-tooltip-name",
        "aria-treeitem-name",
        "aria-valid-attr",
        "aria-valid-attr-value",
        "audio-caption(deprecated)",
        "autocomplete-valid",
        "avoid-inline-spacing",
        "blink",
        "button-name",
        "bypass",
        "color-contrast",
        "color-contrast-enhanced",
        "css-orientation-lock(experimental)",
        "definition-list",
        "dlitem",
        "document-title",
        "duplicate-id(deprecated)",
        "duplicate-id-active(deprecated)",
        "duplicate-id-aria",
        "empty-heading",
        "empty-table-header",
        "focus-order-semantics(experimental)",
        "form-field-multiple-labels",
        "frame-focusable-content",
        "frame-tested",
        "frame-title",
        "frame-title-unique",
        "heading-order",
        "hidden-content(experimental)",
        "html-has-lang",
        "html-lang-valid",
        "html-xml-lang-mismatch",
        "identical-links-same-purpose",
        "image-alt",
        "image-redundant-alt",
        "input-button-name",
        "input-image-alt",
        "label",
        "label-content-name-mismatch(experimental)",
        "label-title-only",
        "landmark-banner-is-top-level",
        "landmark-complementary-is-top-level(deprecated)",
        "landmark-contentinfo-is-top-level",
        "landmark-main-is-top-level",
        "landmark-no-duplicate-banner",
        "landmark-no-duplicate-contentinfo",
        "landmark-no-duplicate-main",
        "landmark-one-main",
        "landmark-unique",
        "link-in-text-block",
        "link-name",
        "list",
        "listitem",
        "marquee",
        "meta-refresh",
        "meta-refresh-no-exceptions",
        "meta-viewport",
        "meta-viewport-large",
        "nested-interactive",
        "no-autoplay-audio",
        "object-alt",
        "p-as-heading(experimental)",
        "page-has-heading-one",
        "presentation-role-conflict",
        "region",
        "role-img-alt",
        "scope-attr-valid",
        "scrollable-region-focusable",
        "select-name",
        "server-side-image-map",
        "skip-link",
        "summary-name",
        "svg-img-alt",
        "tabindex",
        "table-duplicate-name",
        "table-fake-caption(experimental)",
        "target-size",
        "td-has-header(experimental)",
        "td-headers-attr",
        "th-has-data-cells",
        "valid-lang",
        "video-caption"
      ],
      "axe_map_json_matches_installed": true
    }
  },
  "tests": {
    "unit_scripts": {
      "command": "python3 -m unittest discover -s scripts -p \"test_*.py\"",
      "exit": 0,
      "ran": 160,
      "result": "OK",
      "skipped": 1
    },
    "page_runner": {
      "command": "caffeinate -d node --test scripts/test_wcag_page.mjs  (caffeinate on macOS only)",
      "exit": 0,
      "tests": 83,
      "pass": 83,
      "fail": 0,
      "skipped": 0,
      "result": "OK"
    },
    "gen_check_index_check": {
      "command": "python3 tools/gen_check_index.py --check",
      "exit": 0,
      "result": "OK",
      "sc_sections": {
        "total": 87,
        "A": 31,
        "AA": 24,
        "AAA": 31,
        "obsolete": 1
      }
    },
    "grader_selftest": {
      "command": "python3 evals/graders/selftest.py",
      "exit": 0,
      "mismatches": 0,
      "result": "OK"
    },
    "unit_revalidate": {
      "command": "python3 -m unittest discover -s tools -p \"test_*.py\"",
      "exit": 0,
      "ran": 25,
      "result": "OK"
    }
  },
  "sources": {
    "wcag22": {
      "status": "W3C Recommendation",
      "date": "12 December 2024",
      "this_version": "https://www.w3.org/TR/2024/REC-WCAG22-20241212/",
      "latest_version": "https://www.w3.org/TR/WCAG22/",
      "html_sha256": "6e3c5fe397257cae509a2fb4752b73062cf8cbeb92c2cec618989b17e4cf7057",
      "matches_catalogue_cache": true
    },
    "errata": {
      "last_modified": "2026-09-03",
      "publications": {
        "since-current": {
          "label": "Errata since Current Publication",
          "applies_to": "https://www.w3.org/TR/WCAG22/"
        },
        "since-2023-10-05": {
          "label": "Errata since 05 October 2023 Publication",
          "applies_to": "https://www.w3.org/TR/2023/REC-WCAG22-20231005/"
        }
      },
      "entries": {
        "2026-08-17#5038": {
          "date": "2026-08-17",
          "class": "editorial",
          "publication": "since-current",
          "summary": "In the definition for single pointer, changing \"touch screen\" to \"touchscreen\" for consistency"
        },
        "2026-08-17#3538": {
          "date": "2026-08-17",
          "class": "editorial",
          "publication": "since-current",
          "summary": "In the definition for process, changing the example provided to avoid potential confusion"
        },
        "2026-08-17#4857": {
          "date": "2026-08-17",
          "class": "editorial",
          "publication": "since-current",
          "summary": "Fixing the title attribute for definitions marked as \"new\" in 2.2"
        },
        "2026-08-17#4776": {
          "date": "2026-08-17",
          "class": "editorial",
          "publication": "since-current",
          "summary": "Fixing grammar in Privacy and Security Considerations for better readability"
        },
        "2026-08-17#4947": {
          "date": "2026-08-17",
          "class": "editorial",
          "publication": "since-current",
          "summary": "Expanding mentions of success criteria to their full short name, rather than just referring to them by number alone"
        },
        "2026-08-17#4741": {
          "date": "2026-08-17",
          "class": "editorial",
          "publication": "since-current",
          "summary": "In 1.4.13 Content on Hover or Focus, conforming the phrasing in the exception for consistency"
        },
        "2025-10-28#4469": {
          "date": "2025-10-28",
          "class": "editorial",
          "publication": "since-current",
          "summary": "In 1.4.13 Content on Hover or Focus, rewording the normative preamble for clarity"
        },
        "2025-10-28#4385": {
          "date": "2025-10-28",
          "class": "editorial",
          "publication": "since-current",
          "summary": "Changing occurrences of \"e-mail\" to \"email\""
        },
        "2025-10-28#4458": {
          "date": "2025-10-28",
          "class": "editorial",
          "publication": "since-current",
          "summary": "Removing use of \"must\" in section 7 preamble"
        },
        "2025-10-28#4452": {
          "date": "2025-10-28",
          "class": "editorial",
          "publication": "since-current",
          "summary": "In the definition for abbreviation, fixing the markup for the notes"
        },
        "2025-10-28#4461": {
          "date": "2025-10-28",
          "class": "editorial",
          "publication": "since-current",
          "summary": "Changing capitalized occurrences of \"Web\" and \"Success Criteria\" to match the established lower-case style"
        },
        "2025-10-28#4590": {
          "date": "2025-10-28",
          "class": "editorial",
          "publication": "since-current",
          "summary": "Restyling the boxed links for the Understanding and How to Meet... documents"
        },
        "2025-06-27#4256": {
          "date": "2025-06-27",
          "class": "editorial",
          "publication": "since-current",
          "summary": "Correcting the alphabetical order of two definitions"
        },
        "2025-06-27#4040": {
          "date": "2025-06-27",
          "class": "editorial",
          "publication": "since-current",
          "summary": "In the definition for motion animation, amending the definition to not exclude blurring"
        },
        "2025-06-27#4165": {
          "date": "2025-06-27",
          "class": "editorial",
          "publication": "since-current",
          "summary": "In 3.2.6 Consistent Help, harmonizing occurrences of \"breakpoint\" to be one word"
        },
        "2025-06-27#2296": {
          "date": "2025-06-27",
          "class": "editorial",
          "publication": "since-current",
          "summary": "In the Introduction, linking directly to new supplemental guidance"
        },
        "2025-06-27#4359": {
          "date": "2025-06-27",
          "class": "editorial",
          "publication": "since-current",
          "summary": "In the definitions for perimeter and single pointer, removing the period incorrectly appearing at the end of the definition"
        },
        "2024-11-22#1481+4145": {
          "date": "2024-11-22",
          "class": "editorial",
          "publication": "since-2023-10-05",
          "summary": "Modifying visual presentation for content identified as New"
        },
        "2024-11-19#4080": {
          "date": "2024-11-19",
          "class": "editorial",
          "publication": "since-2023-10-05",
          "summary": "Making editorial changes to improve consistent use of the terms \"success criteria/criterion\", \"web\", \"website\", and \"web page\""
        },
        "2024-11-19#4070+3536": {
          "date": "2024-11-19",
          "class": "editorial",
          "publication": "since-2023-10-05",
          "summary": "In the definition for single pointer, updating to further enumerate interaction types and distinguish input modalities."
        },
        "2024-11-19#4034": {
          "date": "2024-11-19",
          "class": "editorial",
          "publication": "since-2023-10-05",
          "summary": "In 7. Input Purposes for User Interface Components, correcting the word \"dissement\" to \"arrondissement\"."
        },
        "2024-11-19#3943": {
          "date": "2024-11-19",
          "class": "editorial",
          "publication": "since-2023-10-05",
          "summary": "In the definition for cognitive function test, updating the term from uppercase to lowercase."
        },
        "2024-11-19#3776": {
          "date": "2024-11-19",
          "class": "editorial",
          "publication": "since-2023-10-05",
          "summary": "In Abstract, modifying language regarding devices."
        },
        "2024-11-19#3756": {
          "date": "2024-11-19",
          "class": "editorial",
          "publication": "since-2023-10-05",
          "summary": "In 3.3.8 Accessible Authentication (Minimum) and the definitions for change of context, general flash and red flash thresholds, and structur"
        },
        "2024-11-19#3707": {
          "date": "2024-11-19",
          "class": "editorial",
          "publication": "since-2023-10-05",
          "summary": "In the definition for used in an unusual or restricted way, genericizing WCAG version reference from \"2.1\" to \"2\"."
        },
        "2024-11-19#3636": {
          "date": "2024-11-19",
          "class": "editorial",
          "publication": "since-2023-10-05",
          "summary": "Removing the defunct \"encloses\" definition."
        },
        "2024-11-19#3189": {
          "date": "2024-11-19",
          "class": "editorial",
          "publication": "since-2023-10-05",
          "summary": "In 2.5.8 Target Size (Minimum), updating formatting, grammar, and punctuation of exceptions."
        },
        "2024-11-19#3038": {
          "date": "2024-11-19",
          "class": "editorial",
          "publication": "since-2023-10-05",
          "summary": "Making editorial changes to improve consistent use of definitions in the success criteria"
        }
      },
      "counts": {
        "editorial": 28,
        "total": 28,
        "since-current": 17,
        "since-2023-10-05": 11
      }
    },
    "wcag21": {
      "status": "W3C Recommendation",
      "date": "06 May 2025",
      "this_version": "https://www.w3.org/TR/2025/REC-WCAG21-20250506/"
    },
    "wcag20": {
      "status": "W3C Recommendation",
      "date": "11 December 2008",
      "this_version": "https://www.w3.org/TR/2008/REC-WCAG20-20081211/"
    },
    "wcag30": {
      "status": "W3C Working Draft",
      "date": "10 September 2026",
      "this_version": "https://www.w3.org/TR/2026/WD-wcag-3.0-20260910/"
    }
  },
  "upstream": {
    "npm": {
      "playwright": "1.63.0",
      "axe-core": "4.13.0"
    }
  },
  "understanding_live": null
}
